
Microsoft Visual Studio Solution File, Format Version 12.00
# Visual Studio Version 16
VisualStudioVersion = 16.0.31205.134
MinimumVisualStudioVersion = 10.0.40219.1
Project("{FAE04EC0-301F-11D3-BF4B-00C04F79EFBC}") = "Types2", "Types2\Types2.csproj", "{A98AF346-6216-40EF-ABC5-70BA0520EFEA}"
EndProject
Global
	GlobalSection(SolutionConfigurationPlatforms) = preSolution
		Debug|Any CPU = Debug|Any CPU
		Release|Any CPU = Release|Any CPU
	EndGlobalSection
	GlobalSection(ProjectConfigurationPlatforms) = postSolution
		{A98AF346-6216-40EF-ABC5-70BA0520EFEA}.Debug|Any CPU.ActiveCfg = Debug|Any CPU
		{A98AF346-6216-40EF-ABC5-70BA0520EFEA}.Debug|Any CPU.Build.0 = Debug|Any CPU
		{A98AF346-6216-40EF-ABC5-70BA0520EFEA}.Release|Any CPU.ActiveCfg = Release|Any CPU
		{A98AF346-6216-40EF-ABC5-70BA0520EFEA}.Release|Any CPU.Build.0 = Release|Any CPU
	EndGlobalSection
	GlobalSection(SolutionProperties) = preSolution
		HideSolutionNode = FALSE
	EndGlobalSection
	GlobalSection(ExtensibilityGlobals) = postSolution
		SolutionGuid = {728A5BC8-A7E0-4B5B-AE7A-213525D8DE92}
	EndGlobalSection
EndGlobal
